<?xml version="1.0" encoding="utf-8"?>
<Project ToolsVersion="4.0" xmlns="http://schemas.microsoft.com/developer/msbuild/2003">
  <ItemGroup>
    <Filter Include="Source Files">
      <UniqueIdentifier>{4FC737F1-C7A5-4376-A066-2A32D752A2FF}</UniqueIdentifier>
      <Extensions>cpp;c;cc;cxx;c++;def;odl;idl;hpj;bat;asm;asmx</Extensions>
    </Filter>
    <Filter Include="Header Files">
      <UniqueIdentifier>{93995380-89BD-4b04-88EB-625FBE52EBFB}</UniqueIdentifier>
      <Extensions>h;hh;hpp;hxx;h++;hm;inl;inc;ipp;xsd</Extensions>
    </Filter>
    <Filter Include="Resource Files">
      <UniqueIdentifier>{67DA6AB6-F800-4c08-8B7A-83BB121AAD01}</UniqueIdentifier>
      <Extensions>rc;ico;cur;bmp;dlg;rc2;rct;bin;rgs;gif;jpg;jpeg;jpe;resx;tiff;tif;png;wav;mfcribbon-ms</Extensions>
    </Filter>
  </ItemGroup>
  <ItemGroup>
    <ClCompile Include="src\entry_point.cpp">
      <Filter>Source Files</Filter>
    </ClCompile>
    <ClCompile Include="src\input\main.cpp">
      <Filter>Source Files</Filter>
    </ClCompile>
    <ClCompile Include="src\initialize\main.cpp">
      <Filter>Source Files</Filter>
    </ClCompile>
    <ClCompile Include="src\map\main.cpp">
      <Filter>Source Files</Filter>
    </ClCompile>
    <ClCompile Include="src\map\cell.cpp">
      <Filter>Source Files</Filter>
    </ClCompile>
    <ClCompile Include="src\character\main.cpp">
      <Filter>Source Files</Filter>
    </ClCompile>
    <ClCompile Include="src\character\stats.cpp">
      <Filter>Source Files</Filter>
    </ClCompile>
    <ClCompile Include="src\game\main.cpp">
      <Filter>Source Files</Filter>
    </ClCompile>
    <ClCompile Include="src\character\bio.cpp">
      <Filter>Source Files</Filter>
    </ClCompile>
    <ClCompile Include="src\character\birthdate.cpp">
      <Filter>Source Files</Filter>
    </ClCompile>
    <ClCompile Include="src\output\age.cpp">
      <Filter>Source Files</Filter>
    </ClCompile>
    <ClCompile Include="src\output\name.cpp">
      <Filter>Source Files</Filter>
    </ClCompile>
    <ClCompile Include="src\biography\age.cpp">
      <Filter>Source Files</Filter>
    </ClCompile>
    <ClCompile Include="src\menu\top\main.cpp">
      <Filter>Source Files</Filter>
    </ClCompile>
    <ClCompile Include="src\menu\game\main.cpp">
      <Filter>Source Files</Filter>
    </ClCompile>
    <ClCompile Include="src\menu\game\input.cpp">
      <Filter>Source Files</Filter>
    </ClCompile>
    <ClCompile Include="src\menu\top\input.cpp">
      <Filter>Source Files</Filter>
    </ClCompile>
    <ClCompile Include="src\menu\game\character\input.cpp">
      <Filter>Source Files</Filter>
    </ClCompile>
    <ClCompile Include="src\menu\game\character\main.cpp">
      <Filter>Source Files</Filter>
    </ClCompile>
    <ClCompile Include="src\menu\game\map\input.cpp">
      <Filter>Source Files</Filter>
    </ClCompile>
    <ClCompile Include="src\menu\game\map\main.cpp">
      <Filter>Source Files</Filter>
    </ClCompile>
  </ItemGroup>
  <ItemGroup>
    <ClInclude Include="include\input\main.hpp">
      <Filter>Header Files</Filter>
    </ClInclude>
    <ClInclude Include="include\input\i_listener.hpp">
      <Filter>Header Files</Filter>
    </ClInclude>
    <ClInclude Include="include\initialize\main.hpp">
      <Filter>Header Files</Filter>
    </ClInclude>
    <ClInclude Include="include\map\main.hpp">
      <Filter>Header Files</Filter>
    </ClInclude>
    <ClInclude Include="include\utility\math.hpp">
      <Filter>Header Files</Filter>
    </ClInclude>
    <ClInclude Include="include\map\cell.hpp">
      <Filter>Header Files</Filter>
    </ClInclude>
    <ClInclude Include="include\map\i_map_item.hpp">
      <Filter>Header Files</Filter>
    </ClInclude>
    <ClInclude Include="include\character\main.hpp">
      <Filter>Header Files</Filter>
    </ClInclude>
    <ClInclude Include="include\character\stats.hpp">
      <Filter>Header Files</Filter>
    </ClInclude>
    <ClInclude Include="include\game\main.hpp">
      <Filter>Header Files</Filter>
    </ClInclude>
    <ClInclude Include="include\character\bio.hpp">
      <Filter>Header Files</Filter>
    </ClInclude>
    <ClInclude Include="include\character\birthdate.hpp">
      <Filter>Header Files</Filter>
    </ClInclude>
    <ClInclude Include="include\data\month.hpp">
      <Filter>Header Files</Filter>
    </ClInclude>
    <ClInclude Include="include\output\age.hpp">
      <Filter>Header Files</Filter>
    </ClInclude>
    <ClInclude Include="include\output\name.hpp">
      <Filter>Header Files</Filter>
    </ClInclude>
    <ClInclude Include="include\biography\nationality.hpp">
      <Filter>Header Files</Filter>
    </ClInclude>
    <ClInclude Include="include\biography\gender.hpp">
      <Filter>Header Files</Filter>
    </ClInclude>
    <ClInclude Include="include\biography\name.hpp">
      <Filter>Header Files</Filter>
    </ClInclude>
    <ClInclude Include="include\biography\age.hpp">
      <Filter>Header Files</Filter>
    </ClInclude>
    <ClInclude Include="include\menu\top\main.hpp">
      <Filter>Header Files</Filter>
    </ClInclude>
    <ClInclude Include="include\menu\game\main.hpp">
      <Filter>Header Files</Filter>
    </ClInclude>
    <ClInclude Include="include\menu\game\input.hpp">
      <Filter>Header Files</Filter>
    </ClInclude>
    <ClInclude Include="include\menu\game\action.hpp">
      <Filter>Header Files</Filter>
    </ClInclude>
    <ClInclude Include="include\menu\top\input.hpp">
      <Filter>Header Files</Filter>
    </ClInclude>
    <ClInclude Include="include\menu\top\action.hpp">
      <Filter>Header Files</Filter>
    </ClInclude>
    <ClInclude Include="include\menu\values.hpp">
      <Filter>Header Files</Filter>
    </ClInclude>
    <ClInclude Include="include\menu\game\character\action.hpp">
      <Filter>Header Files</Filter>
    </ClInclude>
    <ClInclude Include="include\menu\game\character\input.hpp">
      <Filter>Header Files</Filter>
    </ClInclude>
    <ClInclude Include="include\menu\game\character\main.hpp">
      <Filter>Header Files</Filter>
    </ClInclude>
    <ClInclude Include="include\menu\game\map\action.hpp">
      <Filter>Header Files</Filter>
    </ClInclude>
    <ClInclude Include="include\menu\game\map\input.hpp">
      <Filter>Header Files</Filter>
    </ClInclude>
    <ClInclude Include="include\menu\game\map\main.hpp">
      <Filter>Header Files</Filter>
    </ClInclude>
  </ItemGroup>
</Project>